{
  "version": 4,
  "terraform_version": "1.11.4",
  "serial": 116,
  "lineage": "0e32897f-f94a-eb62-6fff-f2cf159d155d",
  "outputs": {
    "gcs_bucket": {
      "value": "de-zoomcamp-p3-gsod-datalake",
      "type": "string"
    },
    "gke_cluster": {
      "value": "kestra-cluster",
      "type": "string"
    },
    "gke_command": {
      "value": "gcloud container clusters get-credentials kestra-cluster --region us-central1 --project de-zoomcamp-p3-gsod",
      "type": "string"
    },
    "kestra_install_commands": {
      "value": "# Get cluster credentials\ngcloud container clusters get-credentials kestra-cluster --region us-central1 --project de-zoomcamp-p3-gsod\n\n# Install Kestra using Helm\nhelm repo add kestra https://kestra-io.github.io/helm-charts\nhelm repo update\nhelm install kestra kestra/kestra \\\n  --set env.config.kestra.storage.type=gcs \\\n  --set env.config.kestra.storage.gcs.bucket=de-zoomcamp-p3-gsod-kestra \\\n  --set env.config.kestra.variables.gcp.project=de-zoomcamp-p3-gsod \\\n  --set env.config.kestra.variables.gcp.serviceAccount=weather-pipeline-sa@de-zoomcamp-p3-gsod.iam.gserviceaccount.com\n\n# Create a service to access the UI\nkubectl expose deployment kestra --type=LoadBalancer --name=kestra-ui --port=8080\n\n# Get the external IP (this may take a minute)\nkubectl get service kestra-ui\n\n# Wait until you see an external IP, then import the workflow\nexport KESTRA_URL=$(kubectl get service kestra-ui -o jsonpath='{.status.loadBalancer.ingress[0].ip}'):8080\ncurl -X POST \"http://$KESTRA_URL/api/v1/flows/import\" -H \"Content-Type: application/yaml\" --data-binary @\u003c(gsutil cat gs://de-zoomcamp-p3-gsod-kestra/workflows/noaa_weather_ingest.yml)\n\n# Execute the workflow\ncurl -X POST \"http://$KESTRA_URL/api/v1/executions\" -H \"Content-Type: application/json\" -d '{\"namespace\":\"weather\",\"flowId\":\"noaa_weather_ingest\"}'\n",
      "type": "string"
    },
    "kestra_storage_bucket": {
      "value": "de-zoomcamp-p3-gsod-kestra",
      "type": "string"
    },
    "service_account": {
      "value": "weather-pipeline-sa@de-zoomcamp-p3-gsod.iam.gserviceaccount.com",
      "type": "string"
    }
  },
  "resources": [
    {
      "mode": "managed",
      "type": "google_bigquery_dataset",
      "name": "temp_dataset",
      "provider": "provider[\"registry.terraform.io/hashicorp/google\"]",
      "instances": [
        {
          "schema_version": 0,
          "attributes": {
            "access": [
              {
                "condition": [],
                "dataset": [],
                "domain": "",
                "group_by_email": "",
                "iam_member": "",
                "role": "OWNER",
                "routine": [],
                "special_group": "",
                "user_by_email": "myechophone@gmail.com",
                "view": []
              },
              {
                "condition": [],
                "dataset": [],
                "domain": "",
                "group_by_email": "",
                "iam_member": "",
                "role": "OWNER",
                "routine": [],
                "special_group": "projectOwners",
                "user_by_email": "",
                "view": []
              },
              {
                "condition": [],
                "dataset": [],
                "domain": "",
                "group_by_email": "",
                "iam_member": "",
                "role": "READER",
                "routine": [],
                "special_group": "projectReaders",
                "user_by_email": "",
                "view": []
              },
              {
                "condition": [],
                "dataset": [],
                "domain": "",
                "group_by_email": "",
                "iam_member": "",
                "role": "WRITER",
                "routine": [],
                "special_group": "projectWriters",
                "user_by_email": "",
                "view": []
              }
            ],
            "creation_time": 1745806138009,
            "dataset_id": "temp_dataset",
            "default_collation": "",
            "default_encryption_configuration": [],
            "default_partition_expiration_ms": 0,
            "default_table_expiration_ms": 0,
            "delete_contents_on_destroy": false,
            "description": "Temporary dataset for workflow processing",
            "effective_labels": {
              "goog-terraform-provisioned": "true"
            },
            "etag": "1STRjKVlBh2ThzEl6QBt+g==",
            "external_catalog_dataset_options": [],
            "external_dataset_reference": [],
            "friendly_name": "Temporary Dataset",
            "id": "projects/de-zoomcamp-p3-gsod/datasets/temp_dataset",
            "is_case_insensitive": false,
            "labels": null,
            "last_modified_time": 1745806138009,
            "location": "US",
            "max_time_travel_hours": "168",
            "project": "de-zoomcamp-p3-gsod",
            "resource_tags": null,
            "self_link": "https://bigquery.googleapis.com/bigquery/v2/projects/de-zoomcamp-p3-gsod/datasets/temp_dataset",
            "storage_billing_model": "",
            "terraform_labels": {
              "goog-terraform-provisioned": "true"
            },
            "timeouts": null
          },
          "sensitive_attributes": [],
          "private": "eyJlMmJmYjczMC1lY2FhLTExZTYtOGY4OC0zNDM2M2JjN2M0YzAiOnsiY3JlYXRlIjoxMjAwMDAwMDAwMDAwLCJkZWxldGUiOjEyMDAwMDAwMDAwMDAsInVwZGF0ZSI6MTIwMDAwMDAwMDAwMH19"
        }
      ]
    },
    {
      "mode": "managed",
      "type": "google_bigquery_dataset",
      "name": "weather_dataset",
      "provider": "provider[\"registry.terraform.io/hashicorp/google\"]",
      "instances": [
        {
          "schema_version": 0,
          "attributes": {
            "access": [
              {
                "condition": [],
                "dataset": [],
                "domain": "",
                "group_by_email": "",
                "iam_member": "",
                "role": "OWNER",
                "routine": [],
                "special_group": "",
                "user_by_email": "myechophone@gmail.com",
                "view": []
              },
              {
                "condition": [],
                "dataset": [],
                "domain": "",
                "group_by_email": "",
                "iam_member": "",
                "role": "OWNER",
                "routine": [],
                "special_group": "projectOwners",
                "user_by_email": "",
                "view": []
              },
              {
                "condition": [],
                "dataset": [],
                "domain": "",
                "group_by_email": "",
                "iam_member": "",
                "role": "READER",
                "routine": [],
                "special_group": "projectReaders",
                "user_by_email": "",
                "view": []
              },
              {
                "condition": [],
                "dataset": [],
                "domain": "",
                "group_by_email": "",
                "iam_member": "",
                "role": "WRITER",
                "routine": [],
                "special_group": "projectWriters",
                "user_by_email": "",
                "view": []
              }
            ],
            "creation_time": 1745806137966,
            "dataset_id": "weather_analysis",
            "default_collation": "",
            "default_encryption_configuration": [],
            "default_partition_expiration_ms": 0,
            "default_table_expiration_ms": 0,
            "delete_contents_on_destroy": false,
            "description": "Dataset for NOAA weather data analysis",
            "effective_labels": {
              "goog-terraform-provisioned": "true"
            },
            "etag": "4cPVjq1qIIXiYH4IGMbBTw==",
            "external_catalog_dataset_options": [],
            "external_dataset_reference": [],
            "friendly_name": "Weather Analysis Dataset",
            "id": "projects/de-zoomcamp-p3-gsod/datasets/weather_analysis",
            "is_case_insensitive": false,
            "labels": null,
            "last_modified_time": 1745806137966,
            "location": "US",
            "max_time_travel_hours": "168",
            "project": "de-zoomcamp-p3-gsod",
            "resource_tags": null,
            "self_link": "https://bigquery.googleapis.com/bigquery/v2/projects/de-zoomcamp-p3-gsod/datasets/weather_analysis",
            "storage_billing_model": "",
            "terraform_labels": {
              "goog-terraform-provisioned": "true"
            },
            "timeouts": null
          },
          "sensitive_attributes": [],
          "private": "eyJlMmJmYjczMC1lY2FhLTExZTYtOGY4OC0zNDM2M2JjN2M0YzAiOnsiY3JlYXRlIjoxMjAwMDAwMDAwMDAwLCJkZWxldGUiOjEyMDAwMDAwMDAwMDAsInVwZGF0ZSI6MTIwMDAwMDAwMDAwMH19"
        }
      ]
    },
    {
      "mode": "managed",
      "type": "google_container_cluster",
      "name": "kestra_cluster",
      "provider": "provider[\"registry.terraform.io/hashicorp/google\"]",
      "instances": [
        {
          "schema_version": 2,
          "attributes": {
            "addons_config": [
              {
                "cloudrun_config": [],
                "config_connector_config": [],
                "dns_cache_config": [],
                "gce_persistent_disk_csi_driver_config": [
                  {
                    "enabled": true
                  }
                ],
                "gcp_filestore_csi_driver_config": [],
                "gcs_fuse_csi_driver_config": [],
                "gke_backup_agent_config": [],
                "horizontal_pod_autoscaling": [],
                "http_load_balancing": [],
                "network_policy_config": [
                  {
                    "disabled": true
                  }
                ],
                "parallelstore_csi_driver_config": [],
                "ray_operator_config": [],
                "stateful_ha_config": []
              }
            ],
            "allow_net_admin": null,
            "authenticator_groups_config": [],
            "binary_authorization": [
              {
                "enabled": false,
                "evaluation_mode": ""
              }
            ],
            "cluster_autoscaling": [
              {
                "auto_provisioning_defaults": [],
                "auto_provisioning_locations": [],
                "autoscaling_profile": "BALANCED",
                "enabled": false,
                "resource_limits": []
              }
            ],
            "cluster_ipv4_cidr": "10.4.0.0/14",
            "confidential_nodes": [],
            "control_plane_endpoints_config": [
              {
                "dns_endpoint_config": [
                  {
                    "allow_external_traffic": false,
                    "endpoint": "gke-75caa7fbdd624651ae8f8534d56f2dc2111a-292021135316.us-central1.gke.goog"
                  }
                ],
                "ip_endpoints_config": [
                  {
                    "enabled": true
                  }
                ]
              }
            ],
            "cost_management_config": [],
            "database_encryption": [
              {
                "key_name": "",
                "state": "DECRYPTED"
              }
            ],
            "datapath_provider": "",
            "default_max_pods_per_node": 110,
            "default_snat_status": [
              {
                "disabled": false
              }
            ],
            "deletion_protection": true,
            "description": "",
            "disable_l4_lb_firewall_reconciliation": false,
            "dns_config": [],
            "effective_labels": {
              "goog-terraform-provisioned": "true"
            },
            "enable_autopilot": false,
            "enable_cilium_clusterwide_network_policy": false,
            "enable_fqdn_network_policy": false,
            "enable_intranode_visibility": false,
            "enable_k8s_beta_apis": [],
            "enable_kubernetes_alpha": false,
            "enable_l4_ilb_subsetting": false,
            "enable_legacy_abac": false,
            "enable_multi_networking": false,
            "enable_shielded_nodes": true,
            "enable_tpu": false,
            "endpoint": "34.59.217.143",
            "enterprise_config": [
              {
                "cluster_tier": "STANDARD",
                "desired_tier": ""
              }
            ],
            "fleet": [],
            "gateway_api_config": [],
            "id": "projects/de-zoomcamp-p3-gsod/locations/us-central1/clusters/kestra-cluster",
            "identity_service_config": [],
            "initial_node_count": 1,
            "ip_allocation_policy": [
              {
                "additional_pod_ranges_config": [],
                "cluster_ipv4_cidr_block": "10.4.0.0/14",
                "cluster_secondary_range_name": "gke-kestra-cluster-pods-75caa7fb",
                "pod_cidr_overprovision_config": [
                  {
                    "disabled": false
                  }
                ],
                "services_ipv4_cidr_block": "34.118.224.0/20",
                "services_secondary_range_name": "",
                "stack_type": "IPV4"
              }
            ],
            "label_fingerprint": "78cdf2f6",
            "location": "us-central1",
            "logging_config": [
              {
                "enable_components": [
                  "SYSTEM_COMPONENTS",
                  "WORKLOADS"
                ]
              }
            ],
            "logging_service": "logging.googleapis.com/kubernetes",
            "maintenance_policy": [],
            "master_auth": [
              {
                "client_certificate": "",
                "client_certificate_config": [
                  {
                    "issue_client_certificate": false
                  }
                ],
                "client_key": "",
                "cluster_ca_certificate": "LS0tLS1CRUdJTiBDRVJUSUZJQ0FURS0tLS0tCk1JSUVMVENDQXBXZ0F3SUJBZ0lSQUlySGlHbk55aVFnQmpWWFlBYytpTE13RFFZSktvWklodmNOQVFFTEJRQXcKTHpFdE1Dc0dBMVVFQXhNa056UTBPVGsyTlRndE9HVmhNaTAwTURFNExUZ3daR1V0WVRkaE1qSmpaVFZpTlRrMQpNQ0FYRFRJMU1EUXlPREF4TURreE1sb1lEekl3TlRVd05ESXhNREl3T1RFeVdqQXZNUzB3S3dZRFZRUURFeVEzCk5EUTVPVFkxT0MwNFpXRXlMVFF3TVRndE9EQmtaUzFoTjJFeU1tTmxOV0kxT1RVd2dnR2lNQTBHQ1NxR1NJYjMKRFFFQkFRVUFBNElCandBd2dnR0tBb0lCZ1FDcTIxOHZTR1BLU1ppWGNXWGExc0tYUWhmekpOaUV1dWQ1OUxvWgpLNlNWalhzcnNDSzNUQWl6NnFMZzllbUVta2M1UW5BN0Y0UGhRaXhHcXIranhaS0xyclIzZWlWd3lFSVlUeVV4CmIzUllITHJtSDIzdFcvbTRpZmdIYmxsL1A3cElZdVJLYmhRK2tKNE43S1dwMzJDMmk2Ym9NSW1NbU55VEJJZjMKV0gxYjRaRUx3bmlVZkhRZWlCdi8wYjhGbkNjdDFWb1ZzVXV1UkNxTzl4eEFuV0Fyd05Fc1cwKzV2bTdVcW5PWQpoV1FaMlErMVZPRUREK1Y0N3VxZXlrbFZOVjZPYktrN3JDOEU0c09LcXJMSVJTenN5VG05MkRsaDNSVVF0alhFClRkc2tKbUhvQjRmMGtwQ3VmSGFlNS9VNGlVUmxjSUxZaDZqOW5UK2w0dml1TFR2N09jeGVjYXk1OGVUVXZrMUcKa0ZER1pWanBtMS9UTXpzMWpwMzJrc0t5Q3ppazJpOXB4Z2FGb2QySjVIaHZOQUVvbmtxQzBnRTBRblF1b29ueApiZjY2M1pKaXQrcitlOU5EbkUxdTViaVpUQ1JwTkFkdGROcDhhdHZGTXBUQjhsUHhTRktuaEcwbmY4MWlpK2xBCnVNcElSM0ZBaWk4NDNRc2RWWk5WSXY4MU05OENBd0VBQWFOQ01FQXdEZ1lEVlIwUEFRSC9CQVFEQWdJRU1BOEcKQTFVZEV3RUIvd1FGTUFNQkFmOHdIUVlEVlIwT0JCWUVGRXNFRUJPdWxoN0txejBzNFVwNU5JMkZJaUJpTUEwRwpDU3FHU0liM0RRRUJDd1VBQTRJQmdRQmhDbkIrY1VKSERVUW41NU9pdDJKbWxSY3g4RDhvTlpoUnNXeXVzVXhuCmVyMUloWUtvNE54NUY3OTdiL1AzdUU1anY0UGJRUFI2K0JvTHVscVF0Y21WdDVRYlRyK29iL04vTmVKZ01leVgKNXgrSDBYdnBVSU5PZW9zL1JxdGRQdUFPT0U0QlovMDJLQjRLQlFhU2NzbEsrZVhwZG5KQzBuWEhPN0w2cUZMWQoveXJsdU8xNDB1SUkzd095SS81N0Z3VmVRZEpqKzBIMWFPV2FqR0tmSDAxTDFzMnV1MTNSMDdoTUJjeDNoTEUvCmNIc1QwTFpJTUdvNDBkVDBtc2dJeCtCb2ZMK0hsNTR1NjNGaElmRjZDdXlsRWlPbU5wZmtzcmk1dkxaNUNxN0QKbXlQQ2taVGkzU3Y2S0diMjVPdDJLL3JiLzNScFhmclF4bjEwUTlBNHRXTkZRRHlIUTFLbGxvTS81OWRTZEJOTwpSOTA1QWVFVGI0ckwrZU10RXNSeSt3cGkxSmhWdjBJb3ZidE0wdFQrTGs4Um5yNTIxdmFMaWdxZ0ZaZ3JBSndwCkd0OTVwL3h2Y3J0c1ZKK2dJaDhuaHBuTWtGenVUUVNlaThCRFI1Q2plMExwN2xWVytFSm1CRG0wQ0NRaVdibngKK1Y1WDhISkk4YlFseWphQUxIYVFrVjQ9Ci0tLS0tRU5EIENFUlRJRklDQVRFLS0tLS0K"
              }
            ],
            "master_authorized_networks_config": [],
            "master_version": "1.32.2-gke.1182003",
            "mesh_certificates": [],
            "min_master_version": null,
            "monitoring_config": [
              {
                "advanced_datapath_observability_config": [
                  {
                    "enable_metrics": false,
                    "enable_relay": false
                  }
                ],
                "enable_components": [
                  "SYSTEM_COMPONENTS",
                  "DAEMONSET",
                  "DEPLOYMENT",
                  "STATEFULSET",
                  "JOBSET",
                  "STORAGE",
                  "HPA",
                  "POD",
                  "CADVISOR",
                  "KUBELET",
                  "DCGM"
                ],
                "managed_prometheus": [
                  {
                    "auto_monitoring_config": [],
                    "enabled": true
                  }
                ]
              }
            ],
            "monitoring_service": "monitoring.googleapis.com/kubernetes",
            "name": "kestra-cluster",
            "network": "projects/de-zoomcamp-p3-gsod/global/networks/default",
            "network_policy": [
              {
                "enabled": false,
                "provider": "PROVIDER_UNSPECIFIED"
              }
            ],
            "networking_mode": "VPC_NATIVE",
            "node_config": [
              {
                "advanced_machine_features": [],
                "boot_disk_kms_key": "",
                "confidential_nodes": [],
                "containerd_config": [],
                "disk_size_gb": 50,
                "disk_type": "pd-standard",
                "effective_taints": [],
                "enable_confidential_storage": false,
                "ephemeral_storage_local_ssd_config": [],
                "fast_socket": [],
                "gcfs_config": [],
                "guest_accelerator": [],
                "gvnic": [],
                "host_maintenance_policy": [],
                "image_type": "COS_CONTAINERD",
                "kubelet_config": [
                  {
                    "allowed_unsafe_sysctls": [],
                    "container_log_max_files": 0,
                    "container_log_max_size": "",
                    "cpu_cfs_quota": false,
                    "cpu_cfs_quota_period": "",
                    "cpu_manager_policy": "",
                    "image_gc_high_threshold_percent": 0,
                    "image_gc_low_threshold_percent": 0,
                    "image_maximum_gc_age": "",
                    "image_minimum_gc_age": "",
                    "insecure_kubelet_readonly_port_enabled": "FALSE",
                    "pod_pids_limit": 0
                  }
                ],
                "labels": {},
                "linux_node_config": [],
                "local_nvme_ssd_block_config": [],
                "local_ssd_count": 0,
                "local_ssd_encryption_mode": "",
                "logging_variant": "DEFAULT",
                "machine_type": "e2-medium",
                "max_run_duration": "",
                "metadata": {
                  "disable-legacy-endpoints": "true"
                },
                "min_cpu_platform": "",
                "node_group": "",
                "oauth_scopes": [
                  "https://www.googleapis.com/auth/cloud-platform"
                ],
                "preemptible": false,
                "reservation_affinity": [],
                "resource_labels": {
                  "goog-gke-node-pool-provisioning-model": "on-demand"
                },
                "resource_manager_tags": null,
                "secondary_boot_disks": [],
                "service_account": "weather-pipeline-sa@de-zoomcamp-p3-gsod.iam.gserviceaccount.com",
                "shielded_instance_config": [
                  {
                    "enable_integrity_monitoring": true,
                    "enable_secure_boot": false
                  }
                ],
                "sole_tenant_config": [],
                "spot": false,
                "storage_pools": null,
                "tags": null,
                "taint": [],
                "windows_node_config": [
                  {
                    "osversion": ""
                  }
                ],
                "workload_metadata_config": []
              }
            ],
            "node_locations": [
              "us-central1-a",
              "us-central1-c",
              "us-central1-f"
            ],
            "node_pool": [
              {
                "autoscaling": [],
                "initial_node_count": 1,
                "instance_group_urls": [
                  "https://www.googleapis.com/compute/v1/projects/de-zoomcamp-p3-gsod/zones/us-central1-c/instanceGroupManagers/gke-kestra-cluster-default-pool-2eb2e5a6-grp",
                  "https://www.googleapis.com/compute/v1/projects/de-zoomcamp-p3-gsod/zones/us-central1-f/instanceGroupManagers/gke-kestra-cluster-default-pool-723a1c4d-grp",
                  "https://www.googleapis.com/compute/v1/projects/de-zoomcamp-p3-gsod/zones/us-central1-a/instanceGroupManagers/gke-kestra-cluster-default-pool-da610606-grp"
                ],
                "managed_instance_group_urls": [
                  "https://www.googleapis.com/compute/v1/projects/de-zoomcamp-p3-gsod/zones/us-central1-c/instanceGroups/gke-kestra-cluster-default-pool-2eb2e5a6-grp",
                  "https://www.googleapis.com/compute/v1/projects/de-zoomcamp-p3-gsod/zones/us-central1-f/instanceGroups/gke-kestra-cluster-default-pool-723a1c4d-grp",
                  "https://www.googleapis.com/compute/v1/projects/de-zoomcamp-p3-gsod/zones/us-central1-a/instanceGroups/gke-kestra-cluster-default-pool-da610606-grp"
                ],
                "management": [
                  {
                    "auto_repair": true,
                    "auto_upgrade": true
                  }
                ],
                "max_pods_per_node": 110,
                "name": "default-pool",
                "name_prefix": "",
                "network_config": [
                  {
                    "additional_node_network_configs": [],
                    "additional_pod_network_configs": [],
                    "create_pod_range": false,
                    "enable_private_nodes": false,
                    "network_performance_config": [],
                    "pod_cidr_overprovision_config": [],
                    "pod_ipv4_cidr_block": "10.4.0.0/14",
                    "pod_range": "gke-kestra-cluster-pods-75caa7fb"
                  }
                ],
                "node_config": [
                  {
                    "advanced_machine_features": [],
                    "boot_disk_kms_key": "",
                    "confidential_nodes": [],
                    "containerd_config": [],
                    "disk_size_gb": 50,
                    "disk_type": "pd-standard",
                    "effective_taints": [],
                    "enable_confidential_storage": false,
                    "ephemeral_storage_local_ssd_config": [],
                    "fast_socket": [],
                    "gcfs_config": [],
                    "guest_accelerator": [],
                    "gvnic": [],
                    "host_maintenance_policy": [],
                    "image_type": "COS_CONTAINERD",
                    "kubelet_config": [
                      {
                        "allowed_unsafe_sysctls": [],
                        "container_log_max_files": 0,
                        "container_log_max_size": "",
                        "cpu_cfs_quota": false,
                        "cpu_cfs_quota_period": "",
                        "cpu_manager_policy": "",
                        "image_gc_high_threshold_percent": 0,
                        "image_gc_low_threshold_percent": 0,
                        "image_maximum_gc_age": "",
                        "image_minimum_gc_age": "",
                        "insecure_kubelet_readonly_port_enabled": "FALSE",
                        "pod_pids_limit": 0
                      }
                    ],
                    "labels": {},
                    "linux_node_config": [],
                    "local_nvme_ssd_block_config": [],
                    "local_ssd_count": 0,
                    "local_ssd_encryption_mode": "",
                    "logging_variant": "DEFAULT",
                    "machine_type": "e2-medium",
                    "max_run_duration": "",
                    "metadata": {
                      "disable-legacy-endpoints": "true"
                    },
                    "min_cpu_platform": "",
                    "node_group": "",
                    "oauth_scopes": [
                      "https://www.googleapis.com/auth/cloud-platform"
                    ],
                    "preemptible": false,
                    "reservation_affinity": [],
                    "resource_labels": {
                      "goog-gke-node-pool-provisioning-model": "on-demand"
                    },
                    "resource_manager_tags": {},
                    "secondary_boot_disks": [],
                    "service_account": "weather-pipeline-sa@de-zoomcamp-p3-gsod.iam.gserviceaccount.com",
                    "shielded_instance_config": [
                      {
                        "enable_integrity_monitoring": true,
                        "enable_secure_boot": false
                      }
                    ],
                    "sole_tenant_config": [],
                    "spot": false,
                    "storage_pools": [],
                    "tags": [],
                    "taint": [],
                    "windows_node_config": [
                      {
                        "osversion": ""
                      }
                    ],
                    "workload_metadata_config": []
                  }
                ],
                "node_count": 1,
                "node_locations": [
                  "us-central1-a",
                  "us-central1-c",
                  "us-central1-f"
                ],
                "placement_policy": [],
                "queued_provisioning": [],
                "upgrade_settings": [
                  {
                    "blue_green_settings": [],
                    "max_surge": 1,
                    "max_unavailable": 0,
                    "strategy": "SURGE"
                  }
                ],
                "version": "1.32.2-gke.1182003"
              }
            ],
            "node_pool_auto_config": [
              {
                "linux_node_config": [],
                "network_tags": [],
                "node_kubelet_config": [
                  {
                    "insecure_kubelet_readonly_port_enabled": "FALSE"
                  }
                ],
                "resource_manager_tags": {}
              }
            ],
            "node_pool_defaults": [
              {
                "node_config_defaults": [
                  {
                    "containerd_config": [],
                    "gcfs_config": [],
                    "insecure_kubelet_readonly_port_enabled": "FALSE",
                    "logging_variant": "DEFAULT"
                  }
                ]
              }
            ],
            "node_version": "1.32.2-gke.1182003",
            "notification_config": [
              {
                "pubsub": [
                  {
                    "enabled": false,
                    "filter": [],
                    "topic": ""
                  }
                ]
              }
            ],
            "operation": null,
            "private_cluster_config": [
              {
                "enable_private_endpoint": false,
                "enable_private_nodes": false,
                "master_global_access_config": [
                  {
                    "enabled": false
                  }
                ],
                "master_ipv4_cidr_block": "",
                "peering_name": "",
                "private_endpoint": "10.128.0.2",
                "private_endpoint_subnetwork": "",
                "public_endpoint": "34.59.217.143"
              }
            ],
            "private_ipv6_google_access": "",
            "project": "de-zoomcamp-p3-gsod",
            "release_channel": [
              {
                "channel": "REGULAR"
              }
            ],
            "remove_default_node_pool": null,
            "resource_labels": null,
            "resource_usage_export_config": [],
            "secret_manager_config": [
              {
                "enabled": false
              }
            ],
            "security_posture_config": [
              {
                "mode": "BASIC",
                "vulnerability_mode": "VULNERABILITY_MODE_UNSPECIFIED"
              }
            ],
            "self_link": "https://container.googleapis.com/v1/projects/de-zoomcamp-p3-gsod/locations/us-central1/clusters/kestra-cluster",
            "service_external_ips_config": [
              {
                "enabled": false
              }
            ],
            "services_ipv4_cidr": "34.118.224.0/20",
            "subnetwork": "projects/de-zoomcamp-p3-gsod/regions/us-central1/subnetworks/default",
            "terraform_labels": {
              "goog-terraform-provisioned": "true"
            },
            "timeouts": null,
            "tpu_ipv4_cidr_block": "",
            "user_managed_keys_config": [],
            "vertical_pod_autoscaling": [],
            "workload_identity_config": []
          },
          "sensitive_attributes": [
            [
              {
                "type": "get_attr",
                "value": "master_auth"
              },
              {
                "type": "index",
                "value": {
                  "value": 0,
                  "type": "number"
                }
              },
              {
                "type": "get_attr",
                "value": "client_key"
              }
            ]
          ],
          "private": "eyJlMmJmYjczMC1lY2FhLTExZTYtOGY4OC0zNDM2M2JjN2M0YzAiOnsiY3JlYXRlIjoyNDAwMDAwMDAwMDAwLCJkZWxldGUiOjI0MDAwMDAwMDAwMDAsInJlYWQiOjI0MDAwMDAwMDAwMDAsInVwZGF0ZSI6MzYwMDAwMDAwMDAwMH0sInNjaGVtYV92ZXJzaW9uIjoiMiJ9",
          "dependencies": [
            "google_service_account.pipeline_service_account"
          ]
        }
      ]
    },
    {
      "mode": "managed",
      "type": "google_project_iam_binding",
      "name": "bigquery_admin",
      "provider": "provider[\"registry.terraform.io/hashicorp/google\"]",
      "instances": [
        {
          "schema_version": 0,
          "attributes": {
            "condition": [],
            "etag": "BwYzzSvjdVM=",
            "id": "de-zoomcamp-p3-gsod/roles/bigquery.admin",
            "members": [
              "serviceAccount:weather-pipeline-sa@de-zoomcamp-p3-gsod.iam.gserviceaccount.com"
            ],
            "project": "de-zoomcamp-p3-gsod",
            "role": "roles/bigquery.admin"
          },
          "sensitive_attributes": [],
          "private": "bnVsbA==",
          "dependencies": [
            "google_service_account.pipeline_service_account"
          ]
        }
      ]
    },
    {
      "mode": "managed",
      "type": "google_project_iam_binding",
      "name": "storage_admin",
      "provider": "provider[\"registry.terraform.io/hashicorp/google\"]",
      "instances": [
        {
          "schema_version": 0,
          "attributes": {
            "condition": [],
            "etag": "BwYzzSvjdVM=",
            "id": "de-zoomcamp-p3-gsod/roles/storage.admin",
            "members": [
              "serviceAccount:weather-pipeline-sa@de-zoomcamp-p3-gsod.iam.gserviceaccount.com"
            ],
            "project": "de-zoomcamp-p3-gsod",
            "role": "roles/storage.admin"
          },
          "sensitive_attributes": [],
          "private": "bnVsbA==",
          "dependencies": [
            "google_service_account.pipeline_service_account"
          ]
        }
      ]
    },
    {
      "mode": "managed",
      "type": "google_service_account",
      "name": "pipeline_service_account",
      "provider": "provider[\"registry.terraform.io/hashicorp/google\"]",
      "instances": [
        {
          "schema_version": 0,
          "attributes": {
            "account_id": "weather-pipeline-sa",
            "create_ignore_already_exists": null,
            "description": "",
            "disabled": false,
            "display_name": "Weather Pipeline Service Account",
            "email": "weather-pipeline-sa@de-zoomcamp-p3-gsod.iam.gserviceaccount.com",
            "id": "projects/de-zoomcamp-p3-gsod/serviceAccounts/weather-pipeline-sa@de-zoomcamp-p3-gsod.iam.gserviceaccount.com",
            "member": "serviceAccount:weather-pipeline-sa@de-zoomcamp-p3-gsod.iam.gserviceaccount.com",
            "name": "projects/de-zoomcamp-p3-gsod/serviceAccounts/weather-pipeline-sa@de-zoomcamp-p3-gsod.iam.gserviceaccount.com",
            "project": "de-zoomcamp-p3-gsod",
            "timeouts": null,
            "unique_id": "114461056364046630111"
          },
          "sensitive_attributes": [],
          "private": "eyJlMmJmYjczMC1lY2FhLTExZTYtOGY4OC0zNDM2M2JjN2M0YzAiOnsiY3JlYXRlIjozMDAwMDAwMDAwMDB9fQ=="
        }
      ]
    },
    {
      "mode": "managed",
      "type": "google_storage_bucket",
      "name": "data_lake",
      "provider": "provider[\"registry.terraform.io/hashicorp/google\"]",
      "instances": [
        {
          "schema_version": 3,
          "attributes": {
            "autoclass": [],
            "cors": [],
            "custom_placement_config": [],
            "default_event_based_hold": false,
            "effective_labels": {
              "goog-terraform-provisioned": "true"
            },
            "enable_object_retention": false,
            "encryption": [],
            "force_destroy": true,
            "hierarchical_namespace": [
              {
                "enabled": false
              }
            ],
            "id": "de-zoomcamp-p3-gsod-datalake",
            "labels": null,
            "lifecycle_rule": [],
            "location": "US-CENTRAL1",
            "logging": [],
            "name": "de-zoomcamp-p3-gsod-datalake",
            "project": "de-zoomcamp-p3-gsod",
            "project_number": 292021135316,
            "public_access_prevention": "inherited",
            "requester_pays": false,
            "retention_policy": [],
            "rpo": null,
            "self_link": "https://www.googleapis.com/storage/v1/b/de-zoomcamp-p3-gsod-datalake",
            "soft_delete_policy": [
              {
                "effective_time": "2025-04-28T02:08:57.992Z",
                "retention_duration_seconds": 604800
              }
            ],
            "storage_class": "STANDARD",
            "terraform_labels": {
              "goog-terraform-provisioned": "true"
            },
            "timeouts": null,
            "uniform_bucket_level_access": false,
            "url": "gs://de-zoomcamp-p3-gsod-datalake",
            "versioning": [],
            "website": []
          },
          "sensitive_attributes": [],
          "private": "eyJlMmJmYjczMC1lY2FhLTExZTYtOGY4OC0zNDM2M2JjN2M0YzAiOnsiY3JlYXRlIjo2MDAwMDAwMDAwMDAsInJlYWQiOjI0MDAwMDAwMDAwMCwidXBkYXRlIjoyNDAwMDAwMDAwMDB9LCJzY2hlbWFfdmVyc2lvbiI6IjMifQ=="
        }
      ]
    },
    {
      "mode": "managed",
      "type": "google_storage_bucket",
      "name": "kestra_storage",
      "provider": "provider[\"registry.terraform.io/hashicorp/google\"]",
      "instances": [
        {
          "schema_version": 3,
          "attributes": {
            "autoclass": [],
            "cors": [],
            "custom_placement_config": [],
            "default_event_based_hold": false,
            "effective_labels": {
              "goog-terraform-provisioned": "true"
            },
            "enable_object_retention": false,
            "encryption": [],
            "force_destroy": true,
            "hierarchical_namespace": [
              {
                "enabled": false
              }
            ],
            "id": "de-zoomcamp-p3-gsod-kestra",
            "labels": null,
            "lifecycle_rule": [],
            "location": "US-CENTRAL1",
            "logging": [],
            "name": "de-zoomcamp-p3-gsod-kestra",
            "project": "de-zoomcamp-p3-gsod",
            "project_number": 292021135316,
            "public_access_prevention": "inherited",
            "requester_pays": false,
            "retention_policy": [],
            "rpo": null,
            "self_link": "https://www.googleapis.com/storage/v1/b/de-zoomcamp-p3-gsod-kestra",
            "soft_delete_policy": [
              {
                "effective_time": "2025-04-28T02:08:58.012Z",
                "retention_duration_seconds": 604800
              }
            ],
            "storage_class": "STANDARD",
            "terraform_labels": {
              "goog-terraform-provisioned": "true"
            },
            "timeouts": null,
            "uniform_bucket_level_access": false,
            "url": "gs://de-zoomcamp-p3-gsod-kestra",
            "versioning": [],
            "website": []
          },
          "sensitive_attributes": [],
          "private": "eyJlMmJmYjczMC1lY2FhLTExZTYtOGY4OC0zNDM2M2JjN2M0YzAiOnsiY3JlYXRlIjo2MDAwMDAwMDAwMDAsInJlYWQiOjI0MDAwMDAwMDAwMCwidXBkYXRlIjoyNDAwMDAwMDAwMDB9LCJzY2hlbWFfdmVyc2lvbiI6IjMifQ=="
        }
      ]
    },
    {
      "mode": "managed",
      "type": "google_storage_bucket_object",
      "name": "kestra_workflow",
      "provider": "provider[\"registry.terraform.io/hashicorp/google\"]",
      "instances": [
        {
          "schema_version": 0,
          "attributes": {
            "bucket": "de-zoomcamp-p3-gsod-kestra",
            "cache_control": "",
            "content": "id: noaa_weather_ingest\nnamespace: weather\ndescription: |\n  Extracts NOAA GSOD data from the public BigQuery dataset, \n  processes it, and loads it into our optimized table structure\n\ntasks:\n  # Task 1: Extract data from public NOAA dataset\n  - id: extract_data\n    type: io.kestra.plugin.gcp.bigquery.Query\n    sql: |\n      SELECT \n        PARSE_DATE('%Y%m%d', CONCAT(year, mo, da)) as date,\n        stn as station_id,\n        name as station_name,\n        lat as latitude,\n        lon as longitude,\n        temp as avg_temperature,\n        max as max_temperature,\n        min as min_temperature,\n        prcp as precipitation,\n        wdsp as wind_speed,\n        visib as visibility\n      FROM `bigquery-public-data.noaa_gsod.gsod*` g\n      JOIN `bigquery-public-data.noaa_gsod.stations` s\n      ON g.stn = s.usaf AND g.wban = s.wban\n      WHERE \n        _TABLE_SUFFIX BETWEEN '2020' AND '2022'\n        AND prcp != 99.99  -- Filter out invalid precipitation data\n        AND temp != 9999.9 -- Filter out invalid temperature data\n        AND g.stn IS NOT NULL\n    destinationTable: \"{{gcp.project}}.temp_dataset.noaa_weather_raw\"\n    serviceAccount: \"{{gcp.serviceAccount}}\"\n\n  # Task 2: Transform data and save to final table\n  - id: transform_data\n    type: io.kestra.plugin.gcp.bigquery.Query\n    sql: |\n      CREATE OR REPLACE TABLE `{{gcp.project}}.weather_analysis.weather_data_optimized`\n      PARTITION BY DATE_TRUNC(date, MONTH)\n      CLUSTER BY station_id, latitude, longitude\n      AS\n      SELECT\n        date,\n        station_id,\n        station_name,\n        latitude,\n        longitude,\n        ROUND(avg_temperature, 2) as avg_temperature,\n        ROUND(max_temperature, 2) as max_temperature,\n        ROUND(min_temperature, 2) as min_temperature,\n        ROUND(precipitation, 2) as precipitation,\n        ROUND(wind_speed, 2) as wind_speed,\n        ROUND(visibility, 2) as visibility,\n        CASE\n          WHEN precipitation \u003e 0.5 THEN 'Heavy Rain'\n          WHEN precipitation \u003e 0.1 THEN 'Light Rain'\n          WHEN precipitation \u003e 0 THEN 'Drizzle'\n          ELSE 'No Rain'\n        END as precipitation_category,\n        CASE\n          WHEN avg_temperature \u003e 30 THEN 'Very Hot'\n          WHEN avg_temperature \u003e 25 THEN 'Hot'\n          WHEN avg_temperature \u003e 15 THEN 'Warm'\n          WHEN avg_temperature \u003e 5 THEN 'Cool'\n          WHEN avg_temperature \u003e -5 THEN 'Cold'\n          ELSE 'Very Cold'\n        END as temperature_category\n      FROM `{{gcp.project}}.temp_dataset.noaa_weather_raw`\n    serviceAccount: \"{{gcp.serviceAccount}}\"\n\n  # Task 3: Clean up temporary table\n  - id: cleanup\n    type: io.kestra.plugin.gcp.bigquery.Delete\n    table: \"{{gcp.project}}.temp_dataset.noaa_weather_raw\"\n    serviceAccount: \"{{gcp.serviceAccount}}\"\n",
            "content_disposition": "",
            "content_encoding": "",
            "content_language": "",
            "content_type": "text/plain; charset=utf-8",
            "crc32c": "BQ9klg==",
            "customer_encryption": [],
            "detect_md5hash": "cK7UHa42uml4PKj1WHwOSg==",
            "event_based_hold": false,
            "generation": 1745806138818168,
            "id": "de-zoomcamp-p3-gsod-kestra-workflows/noaa_weather_ingest.yml",
            "kms_key_name": "",
            "md5hash": "cK7UHa42uml4PKj1WHwOSg==",
            "md5hexhash": "70aed41dae36ba69783ca8f5587c0e4a",
            "media_link": "https://storage.googleapis.com/download/storage/v1/b/de-zoomcamp-p3-gsod-kestra/o/workflows%2Fnoaa_weather_ingest.yml?generation=1745806138818168\u0026alt=media",
            "metadata": null,
            "name": "workflows/noaa_weather_ingest.yml",
            "output_name": "workflows/noaa_weather_ingest.yml",
            "retention": [],
            "self_link": "https://www.googleapis.com/storage/v1/b/de-zoomcamp-p3-gsod-kestra/o/workflows%2Fnoaa_weather_ingest.yml",
            "source": null,
            "storage_class": "STANDARD",
            "temporary_hold": false,
            "timeouts": null
          },
          "sensitive_attributes": [
            [
              {
                "type": "get_attr",
                "value": "content"
              }
            ]
          ],
          "private": "eyJlMmJmYjczMC1lY2FhLTExZTYtOGY4OC0zNDM2M2JjN2M0YzAiOnsiY3JlYXRlIjoyNDAwMDAwMDAwMDAsImRlbGV0ZSI6MjQwMDAwMDAwMDAwLCJ1cGRhdGUiOjI0MDAwMDAwMDAwMH19",
          "dependencies": [
            "google_storage_bucket.kestra_storage"
          ]
        }
      ]
    }
  ],
  "check_results": null
}
